// !$*UTF8*$!
{
	archiveVersion = 1;
	classes = {
	};
	objectVersion = 51;
	objects = {

/* Begin PBXBuildFile section */
		222BEF8322D3AC8F00562F61 /* AppDelegate.swift in Sources */ = {isa = PBXBuildFile; fileRef = 222BEF8222D3AC8F00562F61 /* AppDelegate.swift */; };
		222BEF8522D3AC8F00562F61 /* ViewController.swift in Sources */ = {isa = PBXBuildFile; fileRef = 222BEF8422D3AC8F00562F61 /* ViewController.swift */; };
		222BEF8822D3AC8F00562F61 /* Main.storyboard in Resources */ = {isa = PBXBuildFile; fileRef = 222BEF8622D3AC8F00562F61 /* Main.storyboard */; };
		222BEF8A22D3AC9000562F61 /* Assets.xcassets in Resources */ = {isa = PBXBuildFile; fileRef = 222BEF8922D3AC9000562F61 /* Assets.xcassets */; };
		222BEF8D22D3AC9000562F61 /* LaunchScreen.storyboard in Resources */ = {isa = PBXBuildFile; fileRef = 222BEF8B22D3AC9000562F61 /* LaunchScreen.storyboard */; };
		222BEF9822D3AC9000562F61 /* Weather_AppTests.swift in Sources */ = {isa = PBXBuildFile; fileRef = 222BEF9722D3AC9000562F61 /* Weather_AppTests.swift */; };
		222BEFA322D3AC9000562F61 /* Weather_AppUITests.swift in Sources */ = {isa = PBXBuildFile; fileRef = 222BEFA222D3AC9000562F61 /* Weather_AppUITests.swift */; };
		222BEFB522D3B6B800562F61 /* WeatherDataModel.swift in Sources */ = {isa = PBXBuildFile; fileRef = 222BEFB422D3B6B800562F61 /* WeatherDataModel.swift */; };
		F176CD470798CD4FD28106FF /* Pods_Weather_App.framework in Frameworks */ = {isa = PBXBuildFile; fileRef = 192AD02E27CBBD1462822AFF /* Pods_Weather_App.framework */; };
/* End PBXBuildFile section */

/* Begin PBXContainerItemProxy section */
		222BEF9422D3AC9000562F61 /* PBXContainerItemProxy */ = {
			isa = PBXContainerItemProxy;
			containerPortal = 222BEF7722D3AC8F00562F61 /* Project object */;
			proxyType = 1;
			remoteGlobalIDString = 222BEF7E22D3AC8F00562F61;
			remoteInfo = "Weather App";
		};
		222BEF9F22D3AC9000562F61 /* PBXContainerItemProxy */ = {
			isa = PBXContainerItemProxy;
			containerPortal = 222BEF7722D3AC8F00562F61 /* Project object */;
			proxyType = 1;
			remoteGlobalIDString = 222BEF7E22D3AC8F00562F61;
			remoteInfo = "Weather App";
		};
/* End PBXContainerItemProxy section */

/* Begin PBXFileReference section */
		192AD02E27CBBD1462822AFF /* Pods_Weather_App.framework */ = {isa = PBXFileReference; explicitFileType = wrapper.framework; includeInIndex = 0; path = Pods_Weather_App.framework; sourceTree = BUILT_PRODUCTS_DIR; };
		222BEF7F22D3AC8F00562F61 /* Weather App.app */ = {isa = PBXFileReference; explicitFileType = wrapper.application; includeInIndex = 0; path = "Weather App.app"; sourceTree = BUILT_PRODUCTS_DIR; };
		222BEF8222D3AC8F00562F61 /* AppDelegate.swift */ = {isa = PBXFileReference; lastKnownFileType = sourcecode.swift; path = AppDelegate.swift; sourceTree = "<group>"; };
		222BEF8422D3AC8F00562F61 /* ViewController.swift */ = {isa = PBXFileReference; lastKnownFileType = sourcecode.swift; path = ViewController.swift; sourceTree = "<group>"; };
		222BEF8722D3AC8F00562F61 /* Base */ = {isa = PBXFileReference; lastKnownFileType = file.storyboard; name = Base; path = Base.lproj/Main.storyboard; sourceTree = "<group>"; };
		222BEF8922D3AC9000562F61 /* Assets.xcassets */ = {isa = PBXFileReference; lastKnownFileType = folder.assetcatalog; path = Assets.xcassets; sourceTree = "<group>"; };
		222BEF8C22D3AC9000562F61 /* Base */ = {isa = PBXFileReference; lastKnownFileType = file.storyboard; name = Base; path = Base.lproj/LaunchScreen.storyboard; sourceTree = "<group>"; };
		222BEF8E22D3AC9000562F61 /* Info.plist */ = {isa = PBXFileReference; lastKnownFileType = text.plist.xml; path = Info.plist; sourceTree = "<group>"; };
		222BEF9322D3AC9000562F61 /* Weather AppTests.xctest */ = {isa = PBXFileReference; explicitFileType = wrapper.cfbundle; includeInIndex = 0; path = "Weather AppTests.xctest"; sourceTree = BUILT_PRODUCTS_DIR; };
		222BEF9722D3AC9000562F61 /* Weather_AppTests.swift */ = {isa = PBXFileReference; lastKnownFileType = sourcecode.swift; path = Weather_AppTests.swift; sourceTree = "<group>"; };
		222BEF9922D3AC9000562F61 /* Info.plist */ = {isa = PBXFileReference; lastKnownFileType = text.plist.xml; path = Info.plist; sourceTree = "<group>"; };
		222BEF9E22D3AC9000562F61 /* Weather AppUITests.xctest */ = {isa = PBXFileReference; explicitFileType = wrapper.cfbundle; includeInIndex = 0; path = "Weather AppUITests.xctest"; sourceTree = BUILT_PRODUCTS_DIR; };
		222BEFA222D3AC9000562F61 /* Weather_AppUITests.swift */ = {isa = PBXFileReference; lastKnownFileType = sourcecode.swift; path = Weather_AppUITests.swift; sourceTree = "<group>"; };
		222BEFA422D3AC9000562F61 /* Info.plist */ = {isa = PBXFileReference; lastKnownFileType = text.plist.xml; path = Info.plist; sourceTree = "<group>"; };
		222BEFB422D3B6B800562F61 /* WeatherDataModel.swift */ = {isa = PBXFileReference; lastKnownFileType = sourcecode.swift; path = WeatherDataModel.swift; sourceTree = "<group>"; };
		58E69868FDE6B325E5437EC2 /* Pods-Weather App.release.xcconfig */ = {isa = PBXFileReference; includeInIndex = 1; lastKnownFileType = text.xcconfig; name = "Pods-Weather App.release.xcconfig"; path = "Target Support Files/Pods-Weather App/Pods-Weather App.release.xcconfig"; sourceTree = "<group>"; };
		6E9645F3799C2EC43D4D7B2A /* Pods-Weather App.debug.xcconfig */ = {isa = PBXFileReference; includeInIndex = 1; lastKnownFileType = text.xcconfig; name = "Pods-Weather App.debug.xcconfig"; path = "Target Support Files/Pods-Weather App/Pods-Weather App.debug.xcconfig"; sourceTree = "<group>"; };
/* End PBXFileReference section */

/* Begin PBXFrameworksBuildPhase section */
		222BEF7C22D3AC8F00562F61 /* Frameworks */ = {
			isa = PBXFrameworksBuildPhase;
			buildActionMask = 2147483647;
			files = (
				F176CD470798CD4FD28106FF /* Pods_Weather_App.framework in Frameworks */,
			);
			runOnlyForDeploymentPostprocessing = 0;
		};
		222BEF9022D3AC9000562F61 /* Frameworks */ = {
			isa = PBXFrameworksBuildPhase;
			buildActionMask = 2147483647;
			files = (
			);
			runOnlyForDeploymentPostprocessing = 0;
		};
		222BEF9B22D3AC9000562F61 /* Frameworks */ = {
			isa = PBXFrameworksBuildPhase;
			buildActionMask = 2147483647;
			files = (
			);
			runOnlyForDeploymentPostprocessing = 0;
		};
/* End PBXFrameworksBuildPhase section */

/* Begin PBXGroup section */
		2216842C22D46B4600A65D5D /* Supporting files */ = {
			isa = PBXGroup;
			children = (
				222BEF8E22D3AC9000562F61 /* Info.plist */,
			);
			path = "Supporting files";
			sourceTree = "<group>";
		};
		222BEF7622D3AC8F00562F61 = {
			isa = PBXGroup;
			children = (
				222BEF8122D3AC8F00562F61 /* Weather App */,
				222BEF9622D3AC9000562F61 /* Weather AppTests */,
				222BEFA122D3AC9000562F61 /* Weather AppUITests */,
				222BEF8022D3AC8F00562F61 /* Products */,
				81864FE1EC4ACA0600D45B32 /* Pods */,
				A28363F61BC63A56C7AD607A /* Frameworks */,
			);
			sourceTree = "<group>";
		};
		222BEF8022D3AC8F00562F61 /* Products */ = {
			isa = PBXGroup;
			children = (
				222BEF7F22D3AC8F00562F61 /* Weather App.app */,
				222BEF9322D3AC9000562F61 /* Weather AppTests.xctest */,
				222BEF9E22D3AC9000562F61 /* Weather AppUITests.xctest */,
			);
			name = Products;
			sourceTree = "<group>";
		};
		222BEF8122D3AC8F00562F61 /* Weather App */ = {
			isa = PBXGroup;
			children = (
				222BEFB322D3B69500562F61 /* Model */,
				222BEFB022D3B5BE00562F61 /* View */,
				222BEFB222D3B5FF00562F61 /* Controller */,
				222BEF8922D3AC9000562F61 /* Assets.xcassets */,
				222BEF8B22D3AC9000562F61 /* LaunchScreen.storyboard */,
				2216842C22D46B4600A65D5D /* Supporting files */,
			);
			path = "Weather App";
			sourceTree = "<group>";
		};
		222BEF9622D3AC9000562F61 /* Weather AppTests */ = {
			isa = PBXGroup;
			children = (
				222BEF9722D3AC9000562F61 /* Weather_AppTests.swift */,
				222BEF9922D3AC9000562F61 /* Info.plist */,
			);
			path = "Weather AppTests";
			sourceTree = "<group>";
		};
		222BEFA122D3AC9000562F61 /* Weather AppUITests */ = {
			isa = PBXGroup;
			children = (
				222BEFA222D3AC9000562F61 /* Weather_AppUITests.swift */,
				222BEFA422D3AC9000562F61 /* Info.plist */,
			);
			path = "Weather AppUITests";
			sourceTree = "<group>";
		};
		222BEFB022D3B5BE00562F61 /* View */ = {
			isa = PBXGroup;
			children = (
				222BEF8622D3AC8F00562F61 /* Main.storyboard */,
			);
			path = View;
			sourceTree = "<group>";
		};
		222BEFB222D3B5FF00562F61 /* Controller */ = {
			isa = PBXGroup;
			children = (
				222BEF8422D3AC8F00562F61 /* ViewController.swift */,
				222BEF8222D3AC8F00562F61 /* AppDelegate.swift */,
			);
			path = Controller;
			sourceTree = "<group>";
		};
		222BEFB322D3B69500562F61 /* Model */ = {
			isa = PBXGroup;
			children = (
				222BEFB422D3B6B800562F61 /* WeatherDataModel.swift */,
			);
			path = Model;
			sourceTree = "<group>";
		};
		81864FE1EC4ACA0600D45B32 /* Pods */ = {
			isa = PBXGroup;
			children = (
				6E9645F3799C2EC43D4D7B2A /* Pods-Weather App.debug.xcconfig */,
				58E69868FDE6B325E5437EC2 /* Pods-Weather App.release.xcconfig */,
			);
			path = Pods;
			sourceTree = "<group>";
		};
		A28363F61BC63A56C7AD607A /* Frameworks */ = {
			isa = PBXGroup;
			children = (
				192AD02E27CBBD1462822AFF /* Pods_Weather_App.framework */,
			);
			name = Frameworks;
			sourceTree = "<group>";
		};
/* End PBXGroup section */

/* Begin PBXNativeTarget section */
		222BEF7E22D3AC8F00562F61 /* Weather App */ = {
			isa = PBXNativeTarget;
			buildConfigurationList = 222BEFA722D3AC9000562F61 /* Build configuration list for PBXNativeTarget "Weather App" */;
			buildPhases = (
				14C23ACF2781D971A98E67AA /* [CP] Check Pods Manifest.lock */,
				222BEF7B22D3AC8F00562F61 /* Sources */,
				222BEF7C22D3AC8F00562F61 /* Frameworks */,
				222BEF7D22D3AC8F00562F61 /* Resources */,
				80891658E917A7EFF49E0E15 /* [CP] Embed Pods Frameworks */,
			);
			buildRules = (
			);
			dependencies = (
			);
			name = "Weather App";
			productName = "Weather App";
			productReference = 222BEF7F22D3AC8F00562F61 /* Weather App.app */;
			productType = "com.apple.product-type.application";
		};
		222BEF9222D3AC9000562F61 /* Weather AppTests */ = {
			isa = PBXNativeTarget;
			buildConfigurationList = 222BEFAA22D3AC9000562F61 /* Build configuration list for PBXNativeTarget "Weather AppTests" */;
			buildPhases = (
				222BEF8F22D3AC9000562F61 /* Sources */,
				222BEF9022D3AC9000562F61 /* Frameworks */,
				222BEF9122D3AC9000562F61 /* Resources */,
			);
			buildRules = (
			);
			dependencies = (
				222BEF9522D3AC9000562F61 /* PBXTargetDependency */,
			);
			name = "Weather AppTests";
			productName = "Weather AppTests";
			productReference = 222BEF9322D3AC9000562F61 /* Weather AppTests.xctest */;
			productType = "com.apple.product-type.bundle.unit-test";
		};
		222BEF9D22D3AC9000562F61 /* Weather AppUITests */ = {
			isa = PBXNativeTarget;
			buildConfigurationList = 222BEFAD22D3AC9000562F61 /* Build configuration list for PBXNativeTarget "Weather AppUITests" */;
			buildPhases = (
				222BEF9A22D3AC9000562F61 /* Sources */,
				222BEF9B22D3AC9000562F61 /* Frameworks */,
				222BEF9C22D3AC9000562F61 /* Resources */,
			);
			buildRules = (
			);
			dependencies = (
				222BEFA022D3AC9000562F61 /* PBXTargetDependency */,
			);
			name = "Weather AppUITests";
			productName = "Weather AppUITests";
			productReference = 222BEF9E22D3AC9000562F61 /* Weather AppUITests.xctest */;
			productType = "com.apple.product-type.bundle.ui-testing";
		};
/* End PBXNativeTarget section */

/* Begin PBXProject section */
		222BEF7722D3AC8F00562F61 /* Project object */ = {
			isa = PBXProject;
			attributes = {
				LastSwiftUpdateCheck = 1020;
				LastUpgradeCheck = 1020;
				ORGANIZATIONNAME = "Bohdan Bieliaiev";
				TargetAttributes = {
					222BEF7E22D3AC8F00562F61 = {
						CreatedOnToolsVersion = 10.2.1;
					};
					222BEF9222D3AC9000562F61 = {
						CreatedOnToolsVersion = 10.2.1;
						TestTargetID = 222BEF7E22D3AC8F00562F61;
					};
					222BEF9D22D3AC9000562F61 = {
						CreatedOnToolsVersion = 10.2.1;
						TestTargetID = 222BEF7E22D3AC8F00562F61;
					};
				};
			};
			buildConfigurationList = 222BEF7A22D3AC8F00562F61 /* Build configuration list for PBXProject "Weather App" */;
			compatibilityVersion = "Xcode 9.3";
			developmentRegion = en;
			hasScannedForEncodings = 0;
			knownRegions = (
				en,
				Base,
			);
			mainGroup = 222BEF7622D3AC8F00562F61;
			productRefGroup = 222BEF8022D3AC8F00562F61 /* Products */;
			projectDirPath = "";
			projectRoot = "";
			targets = (
				222BEF7E22D3AC8F00562F61 /* Weather App */,
				222BEF9222D3AC9000562F61 /* Weather AppTests */,
				222BEF9D22D3AC9000562F61 /* Weather AppUITests */,
			);
		};
/* End PBXProject section */

/* Begin PBXResourcesBuildPhase section */
		222BEF7D22D3AC8F00562F61 /* Resources */ = {
			isa = PBXResourcesBuildPhase;
			buildActionMask = 2147483647;
			files = (
				222BEF8D22D3AC9000562F61 /* LaunchScreen.storyboard in Resources */,
				222BEF8A22D3AC9000562F61 /* Assets.xcassets in Resources */,
				222BEF8822D3AC8F00562F61 /* Main.storyboard in Resources */,
			);
			runOnlyForDeploymentPostprocessing = 0;
		};
		222BEF9122D3AC9000562F61 /* Resources */ = {
			isa = PBXResourcesBuildPhase;
			buildActionMask = 2147483647;
			files = (
			);
			runOnlyForDeploymentPostprocessing = 0;
		};
		222BEF9C22D3AC9000562F61 /* Resources */ = {
			isa = PBXResourcesBuildPhase;
			buildActionMask = 2147483647;
			files = (
			);
			runOnlyForDeploymentPostprocessing = 0;
		};
/* End PBXResourcesBuildPhase section */

/* Begin PBXShellScriptBuildPhase section */
		14C23ACF2781D971A98E67AA /* [CP] Check Pods Manifest.lock */ = {
			isa = PBXShellScriptBuildPhase;
			buildActionMask = 2147483647;
			files = (
			);
			inputFileListPaths = (
			);
			inputPaths = (
				"${PODS_PODFILE_DIR_PATH}/Podfile.lock",
				"${PODS_ROOT}/Manifest.lock",
			);
			name = "[CP] Check Pods Manifest.lock";
			outputFileListPaths = (
			);
			outputPaths = (
				"$(DERIVED_FILE_DIR)/Pods-Weather App-checkManifestLockResult.txt",
			);
			runOnlyForDeploymentPostprocessing = 0;
			shellPath = /bin/sh;
			shellScript = "diff \"${PODS_PODFILE_DIR_PATH}/Podfile.lock\" \"${PODS_ROOT}/Manifest.lock\" > /dev/null\nif [ $? != 0 ] ; then\n    # print error to STDERR\n    echo \"error: The sandbox is not in sync with the Podfile.lock. Run 'pod install' or update your CocoaPods installation.\" >&2\n    exit 1\nfi\n# This output is used by Xcode 'outputs' to avoid re-running this script phase.\necho \"SUCCESS\" > \"${SCRIPT_OUTPUT_FILE_0}\"\n";
			showEnvVarsInLog = 0;
		};
		80891658E917A7EFF49E0E15 /* [CP] Embed Pods Frameworks */ = {
			isa = PBXShellScriptBuildPhase;
			buildActionMask = 2147483647;
			files = (
			);
			inputFileListPaths = (
				"${PODS_ROOT}/Target Support Files/Pods-Weather App/Pods-Weather App-frameworks-${CONFIGURATION}-input-files.xcfilelist",
			);
			name = "[CP] Embed Pods Frameworks";
			outputFileListPaths = (
				"${PODS_ROOT}/Target Support Files/Pods-Weather App/Pods-Weather App-frameworks-${CONFIGURATION}-output-files.xcfilelist",
			);
			runOnlyForDeploymentPostprocessing = 0;
			shellPath = /bin/sh;
			shellScript = "\"${PODS_ROOT}/Target Support Files/Pods-Weather App/Pods-Weather App-frameworks.sh\"\n";
			showEnvVarsInLog = 0;
		};
/* End PBXShellScriptBuildPhase section */

/* Begin PBXSourcesBuildPhase section */
		222BEF7B22D3AC8F00562F61 /* Sources */ = {
			isa = PBXSourcesBuildPhase;
			buildActionMask = 2147483647;
			files = (
				222BEF8522D3AC8F00562F61 /* ViewController.swift in Sources */,
				222BEF8322D3AC8F00562F61 /* AppDelegate.swift in Sources */,
				222BEFB522D3B6B800562F61 /* WeatherDataModel.swift in Sources */,
			);
			runOnlyForDeploymentPostprocessing = 0;
		};
		222BEF8F22D3AC9000562F61 /* Sources */ = {
			isa = PBXSourcesBuildPhase;
			buildActionMask = 2147483647;
			files = (
				222BEF9822D3AC9000562F61 /* Weather_AppTests.swift in Sources */,
			);
			runOnlyForDeploymentPostprocessing = 0;
		};
		222BEF9A22D3AC9000562F61 /* Sources */ = {
			isa = PBXSourcesBuildPhase;
			buildActionMask = 2147483647;
			files = (
				222BEFA322D3AC9000562F61 /* Weather_AppUITests.swift in Sources */,
			);
			runOnlyForDeploymentPostprocessing = 0;
		};
/* End PBXSourcesBuildPhase section */

/* Begin PBXTargetDependency section */
		222BEF9522D3AC9000562F61 /* PBXTargetDependency */ = {
			isa = PBXTargetDependency;
			target = 222BEF7E22D3AC8F00562F61 /* Weather App */;
			targetProxy = 222BEF9422D3AC9000562F61 /* PBXContainerItemProxy */;
		};
		222BEFA022D3AC9000562F61 /* PBXTargetDependency */ = {
			isa = PBXTargetDependency;
			target = 222BEF7E22D3AC8F00562F61 /* Weather App */;
			targetProxy = 222BEF9F22D3AC9000562F61 /* PBXContainerItemProxy */;
		};
/* End PBXTargetDependency section */

/* Begin PBXVariantGroup section */
		222BEF8622D3AC8F00562F61 /* Main.storyboard */ = {
			isa = PBXVariantGroup;
			children = (
				222BEF8722D3AC8F00562F61 /* Base */,
			);
			name = Main.storyboard;
			sourceTree = "<group>";
		};
		222BEF8B22D3AC9000562F61 /* LaunchScreen.storyboard */ = {
			isa = PBXVariantGroup;
			children = (
				222BEF8C22D3AC9000562F61 /* Base */,
			);
			name = LaunchScreen.storyboard;
			sourceTree = "<group>";
		};
/* End PBXVariantGroup section */

/* Begin XCBuildConfiguration section */
		222BEFA522D3AC9000562F61 /* Debug */ = {
			isa = XCBuildConfiguration;
			buildSettings = {
				ALWAYS_SEARCH_USER_PATHS = NO;
				CLANG_ANALYZER_NONNULL = YES;
				CLANG_ANALYZER_NUMBER_OBJECT_CONVERSION = YES_AGGRESSIVE;
				CLANG_CXX_LANGUAGE_STANDARD = "gnu++14";
				CLANG_CXX_LIBRARY = "libc++";
				CLANG_ENABLE_MODULES = YES;
				CLANG_ENABLE_OBJC_ARC = YES;
				CLANG_ENABLE_OBJC_WEAK = YES;
				CLANG_WARN_BLOCK_CAPTURE_AUTORELEASING = YES;
				CLANG_WARN_BOOL_CONVERSION = YES;
				CLANG_WARN_COMMA = YES;
				CLANG_WARN_CONSTANT_CONVERSION = YES;
				CLANG_WARN_DEPRECATED_OBJC_IMPLEMENTATIONS = YES;
				CLANG_WARN_DIRECT_OBJC_ISA_USAGE = YES_ERROR;
				CLANG_WARN_DOCUMENTATION_COMMENTS = YES;
				CLANG_WARN_EMPTY_BODY = YES;
				CLANG_WARN_ENUM_CONVERSION = YES;
				CLANG_WARN_INFINITE_RECURSION = YES;
				CLANG_WARN_INT_CONVERSION = YES;
				CLANG_WARN_NON_LITERAL_NULL_CONVERSION = YES;
				CLANG_WARN_OBJC_IMPLICIT_RETAIN_SELF = YES;
				CLANG_WARN_OBJC_LITERAL_CONVERSION = YES;
				CLANG_WARN_OBJC_ROOT_CLASS = YES_ERROR;
				CLANG_WARN_RANGE_LOOP_ANALYSIS = YES;
				CLANG_WARN_STRICT_PROTOTYPES = YES;
				CLANG_WARN_SUSPICIOUS_MOVE = YES;
				CLANG_WARN_UNGUARDED_AVAILABILITY = YES_AGGRESSIVE;
				CLANG_WARN_UNREACHABLE_CODE = YES;
				CLANG_WARN__DUPLICATE_METHOD_MATCH = YES;
				CODE_SIGN_IDENTITY = "iPhone Developer";
				COPY_PHASE_STRIP = NO;
				DEBUG_INFORMATION_FORMAT = dwarf;
				ENABLE_STRICT_OBJC_MSGSEND = YES;
				ENABLE_TESTABILITY = YES;
				GCC_C_LANGUAGE_STANDARD = gnu11;
				GCC_DYNAMIC_NO_PIC = NO;
				GCC_NO_COMMON_BLOCKS = YES;
				GCC_OPTIMIZATION_LEVEL = 0;
				GCC_PREPROCESSOR_DEFINITIONS = (
					"DEBUG=1",
					"$(inherited)",
				);
				GCC_WARN_64_TO_32_BIT_CONVERSION = YES;
				GCC_WARN_ABOUT_RETURN_TYPE = YES_ERROR;
				GCC_WARN_UNDECLARED_SELECTOR = YES;
				GCC_WARN_UNINITIALIZED_AUTOS = YES_AGGRESSIVE;
				GCC_WARN_UNUSED_FUNCTION = YES;
				GCC_WARN_UNUSED_VARIABLE = YES;
				IPHONEOS_DEPLOYMENT_TARGET = 12.2;
				MTL_ENABLE_DEBUG_INFO = INCLUDE_SOURCE;
				MTL_FAST_MATH = YES;
				ONLY_ACTIVE_ARCH = YES;
				SDKROOT = iphoneos;
				SWIFT_ACTIVE_COMPILATION_CONDITIONS = DEBUG;
				SWIFT_OPTIMIZATION_LEVEL = "-Onone";
			};
			name = Debug;
		};
		222BEFA622D3AC9000562F61 /* Release */ = {
			isa = XCBuildConfiguration;
			buildSettings = {
				ALWAYS_SEARCH_USER_PATHS = NO;
				CLANG_ANALYZER_NONNULL = YES;
				CLANG_ANALYZER_NUMBER_OBJECT_CONVERSION = YES_AGGRESSIVE;
				CLANG_CXX_LANGUAGE_STANDARD = "gnu++14";
				CLANG_CXX_LIBRARY = "libc++";
				CLANG_ENABLE_MODULES = YES;
				CLANG_ENABLE_OBJC_ARC = YES;
				CLANG_ENABLE_OBJC_WEAK = YES;
				CLANG_WARN_BLOCK_CAPTURE_AUTORELEASING = YES;
				CLANG_WARN_BOOL_CONVERSION = YES;
				CLANG_WARN_COMMA = YES;
				CLANG_WARN_CONSTANT_CONVERSION = YES;
				CLANG_WARN_DEPRECATED_OBJC_IMPLEMENTATIONS = YES;
				CLANG_WARN_DIRECT_OBJC_ISA_USAGE = YES_ERROR;
				CLANG_WARN_DOCUMENTATION_COMMENTS = YES;
				CLANG_WARN_EMPTY_BODY = YES;
				CLANG_WARN_ENUM_CONVERSION = YES;
				CLANG_WARN_INFINITE_RECURSION = YES;
				CLANG_WARN_INT_CONVERSION = YES;
				CLANG_WARN_NON_LITERAL_NULL_CONVERSION = YES;
				CLANG_WARN_OBJC_IMPLICIT_RETAIN_SELF = YES;
				CLANG_WARN_OBJC_LITERAL_CONVERSION = YES;
				CLANG_WARN_OBJC_ROOT_CLASS = YES_ERROR;
				CLANG_WARN_RANGE_LOOP_ANALYSIS = YES;
				CLANG_WARN_STRICT_PROTOTYPES = YES;
				CLANG_WARN_SUSPICIOUS_MOVE = YES;
				CLANG_WARN_UNGUARDED_AVAILABILITY = YES_AGGRESSIVE;
				CLANG_WARN_UNREACHABLE_CODE = YES;
				CLANG_WARN__DUPLICATE_METHOD_MATCH = YES;
				CODE_SIGN_IDENTITY = "iPhone Developer";
				COPY_PHASE_STRIP = NO;
				DEBUG_INFORMATION_FORMAT = "dwarf-with-dsym";
				ENABLE_NS_ASSERTIONS = NO;
				ENABLE_STRICT_OBJC_MSGSEND = YES;
				GCC_C_LANGUAGE_STANDARD = gnu11;
				GCC_NO_COMMON_BLOCKS = YES;
				GCC_WARN_64_TO_32_BIT_CONVERSION = YES;
				GCC_WARN_ABOUT_RETURN_TYPE = YES_ERROR;
				GCC_WARN_UNDECLARED_SELECTOR = YES;
				GCC_WARN_UNINITIALIZED_AUTOS = YES_AGGRESSIVE;
				GCC_WARN_UNUSED_FUNCTION = YES;
				GCC_WARN_UNUSED_VARIABLE = YES;
				IPHONEOS_DEPLOYMENT_TARGET = 12.2;
				MTL_ENABLE_DEBUG_INFO = NO;
				MTL_FAST_MATH = YES;
				SDKROOT = iphoneos;
				SWIFT_COMPILATION_MODE = wholemodule;
				SWIFT_OPTIMIZATION_LEVEL = "-O";
				VALIDATE_PRODUCT = YES;
			};
			name = Release;
		};
		222BEFA822D3AC9000562F61 /* Debug */ = {
			isa = XCBuildConfiguration;
			baseConfigurationReference = 6E9645F3799C2EC43D4D7B2A /* Pods-Weather App.debug.xcconfig */;
			buildSettings = {
				ASSETCATALOG_COMPILER_APPICON_NAME = AppIcon;
				CODE_SIGN_STYLE = Automatic;
				INFOPLIST_FILE = "$(SRCROOT)/Weather App/Supporting files/Info.plist";
				LD_RUNPATH_SEARCH_PATHS = (
					"$(inherited)",
					"@executable_path/Frameworks",
				);
				PRODUCT_BUNDLE_IDENTIFIER = "com.nebo.Weather-App";
				PRODUCT_NAME = "$(TARGET_NAME)";
				SWIFT_VERSION = 5.0;
				TARGETED_DEVICE_FAMILY = "1,2";
			};
			name = Debug;
		};
		222BEFA922D3AC9000562F61 /* Release */ = {
			isa = XCBuildConfiguration;
			baseConfigurationReference = 58E69868FDE6B325E5437EC2 /* Pods-Weather App.release.xcconfig */;
			buildSettings = {
				ASSETCATALOG_COMPILER_APPICON_NAME = AppIcon;
				CODE_SIGN_STYLE = Automatic;
				INFOPLIST_FILE = "$(SRCROOT)/Weather App/Supporting files/Info.plist";
				LD_RUNPATH_SEARCH_PATHS = (
					"$(inherited)",
					"@executable_path/Frameworks",
				);
				PRODUCT_BUNDLE_IDENTIFIER = "com.nebo.Weather-App";
				PRODUCT_NAME = "$(TARGET_NAME)";
				SWIFT_VERSION = 5.0;
				TARGETED_DEVICE_FAMILY = "1,2";
			};
			name = Release;
		};
		222BEFAB22D3AC9000562F61 /* Debug */ = {
			isa = XCBuildConfiguration;
			buildSettings = {
				ALWAYS_EMBED_SWIFT_STANDARD_LIBRARIES = YES;
				BUNDLE_LOADER = "$(TEST_HOST)";
				CODE_SIGN_STYLE = Automatic;
				INFOPLIST_FILE = "Weather AppTests/Info.plist";
				LD_RUNPATH_SEARCH_PATHS = (
					"$(inherited)",
					"@executable_path/Frameworks",
					"@loader_path/Frameworks",
				);
				PRODUCT_BUNDLE_IDENTIFIER = "com.nebo.Weather-AppTests";
				PRODUCT_NAME = "$(TARGET_NAME)";
				SWIFT_VERSION = 5.0;
				TARGETED_DEVICE_FAMILY = "1,2";
				TEST_HOST = "$(BUILT_PRODUCTS_DIR)/Weather App.app/Weather App";
			};
			name = Debug;
		};
		222BEFAC22D3AC9000562F61 /* Release */ = {
			isa = XCBuildConfiguration;
			buildSettings = {
				ALWAYS_EMBED_SWIFT_STANDARD_LIBRARIES = YES;
				BUNDLE_LOADER = "$(TEST_HOST)";
				CODE_SIGN_STYLE = Automatic;
				INFOPLIST_FILE = "Weather AppTests/Info.plist";
				LD_RUNPATH_SEARCH_PATHS = (
					"$(inherited)",
					"@executable_path/Frameworks",
					"@loader_path/Frameworks",
				);
				PRODUCT_BUNDLE_IDENTIFIER = "com.nebo.Weather-AppTests";
				PRODUCT_NAME = "$(TARGET_NAME)";
				SWIFT_VERSION = 5.0;
				TARGETED_DEVICE_FAMILY = "1,2";
				TEST_HOST = "$(BUILT_PRODUCTS_DIR)/Weather App.app/Weather App";
			};
			name = Release;
		};
		222BEFAE22D3AC9000562F61 /* Debug */ = {
			isa = XCBuildConfiguration;
			buildSettings = {
				ALWAYS_EMBED_SWIFT_STANDARD_LIBRARIES = YES;
				CODE_SIGN_STYLE = Automatic;
				INFOPLIST_FILE = "Weather AppUITests/Info.plist";
				LD_RUNPATH_SEARCH_PATHS = (
					"$(inherited)",
					"@executable_path/Frameworks",
					"@loader_path/Frameworks",
				);
				PRODUCT_BUNDLE_IDENTIFIER = "com.nebo.Weather-AppUITests";
				PRODUCT_NAME = "$(TARGET_NAME)";
				SWIFT_VERSION = 5.0;
				TARGETED_DEVICE_FAMILY = "1,2";
				TEST_TARGET_NAME = "Weather App";
			};
			name = Debug;
		};
		222BEFAF22D3AC9000562F61 /* Release */ = {
			isa = XCBuildConfiguration;
			buildSettings = {
				ALWAYS_EMBED_SWIFT_STANDARD_LIBRARIES = YES;
				CODE_SIGN_STYLE = Automatic;
				INFOPLIST_FILE = "Weather AppUITests/Info.plist";
				LD_RUNPATH_SEARCH_PATHS = (
					"$(inherited)",
					"@executable_path/Frameworks",
					"@loader_path/Frameworks",
				);
				PRODUCT_BUNDLE_IDENTIFIER = "com.nebo.Weather-AppUITests";
				PRODUCT_NAME = "$(TARGET_NAME)";
				SWIFT_VERSION = 5.0;
				TARGETED_DEVICE_FAMILY = "1,2";
				TEST_TARGET_NAME = "Weather App";
			};
			name = Release;
		};
/* End XCBuildConfiguration section */

/* Begin XCConfigurationList section */
		222BEF7A22D3AC8F00562F61 /* Build configuration list for PBXProject "Weather App" */ = {
			isa = XCConfigurationList;
			buildConfigurations = (
				222BEFA522D3AC9000562F61 /* Debug */,
				222BEFA622D3AC9000562F61 /* Release */,
			);
			defaultConfigurationIsVisible = 0;
			defaultConfigurationName = Release;
		};
		222BEFA722D3AC9000562F61 /* Build configuration list for PBXNativeTarget "Weather App" */ = {
			isa = XCConfigurationList;
			buildConfigurations = (
				222BEFA822D3AC9000562F61 /* Debug */,
				222BEFA922D3AC9000562F61 /* Release */,
			);
			defaultConfigurationIsVisible = 0;
			defaultConfigurationName = Release;
		};
		222BEFAA22D3AC9000562F61 /* Build configuration list for PBXNativeTarget "Weather AppTests" */ = {
			isa = XCConfigurationList;
			buildConfigurations = (
				222BEFAB22D3AC9000562F61 /* Debug */,
				222BEFAC22D3AC9000562F61 /* Release */,
			);
			defaultConfigurationIsVisible = 0;
			defaultConfigurationName = Release;
		};
		222BEFAD22D3AC9000562F61 /* Build configuration list for PBXNativeTarget "Weather AppUITests" */ = {
			isa = XCConfigurationList;
			buildConfigurations = (
				222BEFAE22D3AC9000562F61 /* Debug */,
				222BEFAF22D3AC9000562F61 /* Release */,
			);
			defaultConfigurationIsVisible = 0;
			defaultConfigurationName = Release;
		};
/* End XCConfigurationList section */
	};
	rootObject = 222BEF7722D3AC8F00562F61 /* Project object */;
}
